
Microsoft Visual Studio Solution File, Format Version 12.00
# Visual Studio Version 16
VisualStudioVersion = 16.0.29905.134
MinimumVisualStudioVersion = 10.0.40219.1
Project("{FAE04EC0-301F-11D3-BF4B-00C04F79EFBC}") = "Skaterboy", "Skaterboy.csproj", "{D5CE12EE-D798-4A71-ADE4-3D6B9A846765}"
EndProject
Project("{2150E333-8FDC-42A3-9474-1A3956D46DE8}") = "Solution Items", "Solution Items", "{1D604ED6-64EE-490B-809E-D4369985ACC8}"
	ProjectSection(SolutionItems) = preProject
		.editorconfig = .editorconfig
	EndProjectSection
EndProject
Global
	GlobalSection(SolutionConfigurationPlatforms) = preSolution
		Debug|Any CPU = Debug|Any CPU
		Release|Any CPU = Release|Any CPU
	EndGlobalSection
	GlobalSection(ProjectConfigurationPlatforms) = postSolution
		{D5CE12EE-D798-4A71-ADE4-3D6B9A846765}.Debug|Any CPU.ActiveCfg = Debug|Any CPU
		{D5CE12EE-D798-4A71-ADE4-3D6B9A846765}.Debug|Any CPU.Build.0 = Debug|Any CPU
		{D5CE12EE-D798-4A71-ADE4-3D6B9A846765}.Release|Any CPU.ActiveCfg = Release|Any CPU
		{D5CE12EE-D798-4A71-ADE4-3D6B9A846765}.Release|Any CPU.Build.0 = Release|Any CPU
	EndGlobalSection
	GlobalSection(SolutionProperties) = preSolution
		HideSolutionNode = FALSE
	EndGlobalSection
	GlobalSection(NestedProjects) = preSolution
		{D5CE12EE-D798-4A71-ADE4-3D6B9A846765} = {1D604ED6-64EE-490B-809E-D4369985ACC8}
	EndGlobalSection
	GlobalSection(ExtensibilityGlobals) = postSolution
		SolutionGuid = {09E954EC-B0FF-471B-A591-D642FF962C0D}
	EndGlobalSection
EndGlobal
